
Microsoft Visual Studio Solution File, Format Version 12.00
# Visual Studio 14
VisualStudioVersion = 14.0.25420.1
MinimumVisualStudioVersion = 10.0.40219.1
Project("{2150E333-8FDC-42A3-9474-1A3956D46DE8}") = "src", "src", "{BF93F854-4FEC-4759-BB7C-95F6CA4CA1DD}"
EndProject
Project("{2150E333-8FDC-42A3-9474-1A3956D46DE8}") = "test", "test", "{33F013EE-95EB-44E2-9547-76067683C240}"
EndProject
Project("{8BB2217D-0F2D-49D1-97BC-3654ED321F3B}") = "OdjfsScraper.Tool", "src\OdjfsScraper.Tool\OdjfsScraper.Tool.xproj", "{80B1F765-1814-42BB-9DC2-6B0AD8E5F72C}"
EndProject
Project("{8BB2217D-0F2D-49D1-97BC-3654ED321F3B}") = "OdjfsScraper", "src\OdjfsScraper\OdjfsScraper.xproj", "{8974C09E-6C84-491F-8150-5920B6F1073B}"
EndProject
Project("{8BB2217D-0F2D-49D1-97BC-3654ED321F3B}") = "OdjfsScraper.Test", "test\OdjfsScraper.Test\OdjfsScraper.Test.xproj", "{93425F91-CFB4-4C44-A32D-383F6987D239}"
EndProject
Project("{2150E333-8FDC-42A3-9474-1A3956D46DE8}") = "Solution Items", "Solution Items", "{446BDB91-049E-4A9B-B3D0-7504CA7B0B7C}"
	ProjectSection(SolutionItems) = preProject
		global.json = global.json
	EndProjectSection
EndProject
Global
	GlobalSection(SolutionConfigurationPlatforms) = preSolution
		Debug|Any CPU = Debug|Any CPU
		Release|Any CPU = Release|Any CPU
	EndGlobalSection
	GlobalSection(ProjectConfigurationPlatforms) = postSolution
		{80B1F765-1814-42BB-9DC2-6B0AD8E5F72C}.Debug|Any CPU.ActiveCfg = Debug|Any CPU
		{80B1F765-1814-42BB-9DC2-6B0AD8E5F72C}.Debug|Any CPU.Build.0 = Debug|Any CPU
		{80B1F765-1814-42BB-9DC2-6B0AD8E5F72C}.Release|Any CPU.ActiveCfg = Release|Any CPU
		{80B1F765-1814-42BB-9DC2-6B0AD8E5F72C}.Release|Any CPU.Build.0 = Release|Any CPU
		{8974C09E-6C84-491F-8150-5920B6F1073B}.Debug|Any CPU.ActiveCfg = Debug|Any CPU
		{8974C09E-6C84-491F-8150-5920B6F1073B}.Debug|Any CPU.Build.0 = Debug|Any CPU
		{8974C09E-6C84-491F-8150-5920B6F1073B}.Release|Any CPU.ActiveCfg = Release|Any CPU
		{8974C09E-6C84-491F-8150-5920B6F1073B}.Release|Any CPU.Build.0 = Release|Any CPU
		{93425F91-CFB4-4C44-A32D-383F6987D239}.Debug|Any CPU.ActiveCfg = Debug|Any CPU
		{93425F91-CFB4-4C44-A32D-383F6987D239}.Debug|Any CPU.Build.0 = Debug|Any CPU
		{93425F91-CFB4-4C44-A32D-383F6987D239}.Release|Any CPU.ActiveCfg = Release|Any CPU
		{93425F91-CFB4-4C44-A32D-383F6987D239}.Release|Any CPU.Build.0 = Release|Any CPU
	EndGlobalSection
	GlobalSection(SolutionProperties) = preSolution
		HideSolutionNode = FALSE
	EndGlobalSection
	GlobalSection(NestedProjects) = preSolution
		{80B1F765-1814-42BB-9DC2-6B0AD8E5F72C} = {BF93F854-4FEC-4759-BB7C-95F6CA4CA1DD}
		{8974C09E-6C84-491F-8150-5920B6F1073B} = {BF93F854-4FEC-4759-BB7C-95F6CA4CA1DD}
		{93425F91-CFB4-4C44-A32D-383F6987D239} = {33F013EE-95EB-44E2-9547-76067683C240}
	EndGlobalSection
EndGlobal
