
Microsoft Visual Studio Solution File, Format Version 12.00
# Visual Studio 2013
VisualStudioVersion = 12.0.21005.1
MinimumVisualStudioVersion = 10.0.40219.1
Project("{2150E333-8FDC-42A3-9474-1A3956D46DE8}") = ".nuget", ".nuget", "{DBEC3A27-93F9-4277-A689-2FC29B64EA4A}"
	ProjectSection(SolutionItems) = preProject
		.nuget\NuGet.Config = .nuget\NuGet.Config
		.nuget\NuGet.exe = .nuget\NuGet.exe
		.nuget\NuGet.targets = .nuget\NuGet.targets
	EndProjectSection
EndProject
Project("{2150E333-8FDC-42A3-9474-1A3956D46DE8}") = ".build", ".build", "{174CE395-9EA2-4CFF-B0E0-A34164E476C4}"
	ProjectSection(SolutionItems) = preProject
		Build.proj = Build.proj
		.build\MSBuild.Community.Tasks.dll = .build\MSBuild.Community.Tasks.dll
		.build\MSBuild.Community.Tasks.targets = .build\MSBuild.Community.Tasks.targets
		.build\Version.targets = .build\Version.targets
	EndProjectSection
EndProject
Project("{FAE04EC0-301F-11D3-BF4B-00C04F79EFBC}") = "Model", "Model\Model.csproj", "{711CC508-53A8-4EDB-BBCA-B911935DA4B0}"
EndProject
Project("{FAE04EC0-301F-11D3-BF4B-00C04F79EFBC}") = "Database", "Database\Database.csproj", "{1E30E5FD-25B1-4F18-A2C2-5F8AC2B80683}"
EndProject
Project("{FAE04EC0-301F-11D3-BF4B-00C04F79EFBC}") = "Parser", "Parser\Parser.csproj", "{C86F6694-1FCE-46D3-B9B7-69512D9D722B}"
EndProject
Project("{FAE04EC0-301F-11D3-BF4B-00C04F79EFBC}") = "Parser.UnitTests", "Parser.UnitTests\Parser.UnitTests.csproj", "{CC50EB03-A13A-4551-A2F9-E433E3F6CB18}"
EndProject
Project("{FAE04EC0-301F-11D3-BF4B-00C04F79EFBC}") = "Fetcher", "Fetcher\Fetcher.csproj", "{393F1B81-3F51-45DC-976C-3BD31D2A71DE}"
EndProject
Project("{FAE04EC0-301F-11D3-BF4B-00C04F79EFBC}") = "Exporter", "Exporter\Exporter.csproj", "{0DEA1ABE-79C3-40A6-9878-CE8F3B147155}"
EndProject
Project("{FAE04EC0-301F-11D3-BF4B-00C04F79EFBC}") = "Synchronizer", "Synchronizer\Synchronizer.csproj", "{54DA86D9-BAD6-4FFC-9AF7-3BBFE533AA23}"
EndProject
Project("{FAE04EC0-301F-11D3-BF4B-00C04F79EFBC}") = "DataChecker", "DataChecker\DataChecker.csproj", "{F7F33810-6765-442B-82F8-A442875013CB}"
EndProject
Global
	GlobalSection(SolutionConfigurationPlatforms) = preSolution
		Debug|Any CPU = Debug|Any CPU
		Release|Any CPU = Release|Any CPU
	EndGlobalSection
	GlobalSection(ProjectConfigurationPlatforms) = postSolution
		{711CC508-53A8-4EDB-BBCA-B911935DA4B0}.Debug|Any CPU.ActiveCfg = Debug|Any CPU
		{711CC508-53A8-4EDB-BBCA-B911935DA4B0}.Debug|Any CPU.Build.0 = Debug|Any CPU
		{711CC508-53A8-4EDB-BBCA-B911935DA4B0}.Release|Any CPU.ActiveCfg = Release|Any CPU
		{711CC508-53A8-4EDB-BBCA-B911935DA4B0}.Release|Any CPU.Build.0 = Release|Any CPU
		{1E30E5FD-25B1-4F18-A2C2-5F8AC2B80683}.Debug|Any CPU.ActiveCfg = Debug|Any CPU
		{1E30E5FD-25B1-4F18-A2C2-5F8AC2B80683}.Debug|Any CPU.Build.0 = Debug|Any CPU
		{1E30E5FD-25B1-4F18-A2C2-5F8AC2B80683}.Release|Any CPU.ActiveCfg = Release|Any CPU
		{1E30E5FD-25B1-4F18-A2C2-5F8AC2B80683}.Release|Any CPU.Build.0 = Release|Any CPU
		{393F1B81-3F51-45DC-976C-3BD31D2A71DE}.Debug|Any CPU.ActiveCfg = Debug|Any CPU
		{393F1B81-3F51-45DC-976C-3BD31D2A71DE}.Debug|Any CPU.Build.0 = Debug|Any CPU
		{393F1B81-3F51-45DC-976C-3BD31D2A71DE}.Release|Any CPU.ActiveCfg = Release|Any CPU
		{393F1B81-3F51-45DC-976C-3BD31D2A71DE}.Release|Any CPU.Build.0 = Release|Any CPU
		{CC50EB03-A13A-4551-A2F9-E433E3F6CB18}.Debug|Any CPU.ActiveCfg = Debug|Any CPU
		{CC50EB03-A13A-4551-A2F9-E433E3F6CB18}.Debug|Any CPU.Build.0 = Debug|Any CPU
		{CC50EB03-A13A-4551-A2F9-E433E3F6CB18}.Release|Any CPU.ActiveCfg = Release|Any CPU
		{CC50EB03-A13A-4551-A2F9-E433E3F6CB18}.Release|Any CPU.Build.0 = Release|Any CPU
		{0DEA1ABE-79C3-40A6-9878-CE8F3B147155}.Debug|Any CPU.ActiveCfg = Debug|Any CPU
		{0DEA1ABE-79C3-40A6-9878-CE8F3B147155}.Debug|Any CPU.Build.0 = Debug|Any CPU
		{0DEA1ABE-79C3-40A6-9878-CE8F3B147155}.Release|Any CPU.ActiveCfg = Release|Any CPU
		{0DEA1ABE-79C3-40A6-9878-CE8F3B147155}.Release|Any CPU.Build.0 = Release|Any CPU
		{54DA86D9-BAD6-4FFC-9AF7-3BBFE533AA23}.Debug|Any CPU.ActiveCfg = Debug|Any CPU
		{54DA86D9-BAD6-4FFC-9AF7-3BBFE533AA23}.Debug|Any CPU.Build.0 = Debug|Any CPU
		{54DA86D9-BAD6-4FFC-9AF7-3BBFE533AA23}.Release|Any CPU.ActiveCfg = Release|Any CPU
		{54DA86D9-BAD6-4FFC-9AF7-3BBFE533AA23}.Release|Any CPU.Build.0 = Release|Any CPU
		{F7F33810-6765-442B-82F8-A442875013CB}.Debug|Any CPU.ActiveCfg = Debug|Any CPU
		{F7F33810-6765-442B-82F8-A442875013CB}.Debug|Any CPU.Build.0 = Debug|Any CPU
		{F7F33810-6765-442B-82F8-A442875013CB}.Release|Any CPU.ActiveCfg = Release|Any CPU
		{F7F33810-6765-442B-82F8-A442875013CB}.Release|Any CPU.Build.0 = Release|Any CPU
		{C86F6694-1FCE-46D3-B9B7-69512D9D722B}.Debug|Any CPU.ActiveCfg = Debug|Any CPU
		{C86F6694-1FCE-46D3-B9B7-69512D9D722B}.Debug|Any CPU.Build.0 = Debug|Any CPU
		{C86F6694-1FCE-46D3-B9B7-69512D9D722B}.Release|Any CPU.ActiveCfg = Release|Any CPU
		{C86F6694-1FCE-46D3-B9B7-69512D9D722B}.Release|Any CPU.Build.0 = Release|Any CPU
	EndGlobalSection
	GlobalSection(SolutionProperties) = preSolution
		HideSolutionNode = FALSE
	EndGlobalSection
EndGlobal
